// !$*UTF8*$!
{
	archiveVersion = 1;
	classes = {
	};
	objectVersion = 56;
	objects = {

/* Begin PBXBuildFile section */
		681BB4F02A8BC8A100986639 /* SampleData+Animal.swift in Sources */ = {isa = PBXBuildFile; fileRef = 681BB4EF2A8BC8A100986639 /* SampleData+Animal.swift */; };
		682FDAAE2A8D0BDE00B53876 /* ModelContainerPreview.swift in Sources */ = {isa = PBXBuildFile; fileRef = 682FDAAD2A8D0BDE00B53876 /* ModelContainerPreview.swift */; };
		682FDAB32A8D3BB900B53876 /* Preview+ModelContainer.swift in Sources */ = {isa = PBXBuildFile; fileRef = 682FDAB22A8D3BB900B53876 /* Preview+ModelContainer.swift */; };
		68BB54662A701B4B008EC4A5 /* SwiftDataAnimalsApp.swift in Sources */ = {isa = PBXBuildFile; fileRef = 68BB54652A701B4B008EC4A5 /* SwiftDataAnimalsApp.swift */; };
		68BB546A2A701B4E008EC4A5 /* Assets.xcassets in Resources */ = {isa = PBXBuildFile; fileRef = 68BB54692A701B4E008EC4A5 /* Assets.xcassets */; };
		68BB546D2A701B4E008EC4A5 /* Preview Assets.xcassets in Resources */ = {isa = PBXBuildFile; fileRef = 68BB546C2A701B4E008EC4A5 /* Preview Assets.xcassets */; };
		68BB54772A701C1C008EC4A5 /* NavigationContext.swift in Sources */ = {isa = PBXBuildFile; fileRef = 68BB54752A701C1C008EC4A5 /* NavigationContext.swift */; };
		68BB54782A701C1C008EC4A5 /* Animal.swift in Sources */ = {isa = PBXBuildFile; fileRef = 68BB54762A701C1C008EC4A5 /* Animal.swift */; };
		68BB547E2A701C22008EC4A5 /* ThreeColumnContentView.swift in Sources */ = {isa = PBXBuildFile; fileRef = 68BB547A2A701C22008EC4A5 /* ThreeColumnContentView.swift */; };
		68BB547F2A701C22008EC4A5 /* AnimalDetailView.swift in Sources */ = {isa = PBXBuildFile; fileRef = 68BB547B2A701C22008EC4A5 /* AnimalDetailView.swift */; };
		68BB54802A701C22008EC4A5 /* ContentView.swift in Sources */ = {isa = PBXBuildFile; fileRef = 68BB547C2A701C22008EC4A5 /* ContentView.swift */; };
		68C721262A72DFC700D129C5 /* AnimalEditor.swift in Sources */ = {isa = PBXBuildFile; fileRef = 68C721252A72DFC700D129C5 /* AnimalEditor.swift */; };
		68C7212A2A72FE0D00D129C5 /* AnimalCategory.swift in Sources */ = {isa = PBXBuildFile; fileRef = 68C721292A72FE0D00D129C5 /* AnimalCategory.swift */; };
		68C7212C2A72FF8400D129C5 /* SampleData+AnimalCategory.swift in Sources */ = {isa = PBXBuildFile; fileRef = 68C7212B2A72FF8400D129C5 /* SampleData+AnimalCategory.swift */; };
		68E1B4792A7072DF0066CFE9 /* AnimalCategoryListView.swift in Sources */ = {isa = PBXBuildFile; fileRef = 68E1B4782A7072DF0066CFE9 /* AnimalCategoryListView.swift */; };
		68E1B47F2A707A7E0066CFE9 /* AnimalListView.swift in Sources */ = {isa = PBXBuildFile; fileRef = 68E1B47E2A707A7E0066CFE9 /* AnimalListView.swift */; };
/* End PBXBuildFile section */

/* Begin PBXFileReference section */
		19F73108E181ABC96D86A7CC /* SampleCode.xcconfig */ = {isa = PBXFileReference; name = SampleCode.xcconfig; path = Configuration/SampleCode.xcconfig; sourceTree = "<group>"; };
		316121F5352DF6A915F50793 /* LICENSE.txt */ = {isa = PBXFileReference; includeInIndex = 1; path = LICENSE.txt; sourceTree = "<group>"; };
		681BB4EF2A8BC8A100986639 /* SampleData+Animal.swift */ = {isa = PBXFileReference; lastKnownFileType = sourcecode.swift; path = "SampleData+Animal.swift"; sourceTree = "<group>"; };
		682FDAAD2A8D0BDE00B53876 /* ModelContainerPreview.swift */ = {isa = PBXFileReference; lastKnownFileType = sourcecode.swift; path = ModelContainerPreview.swift; sourceTree = "<group>"; };
		682FDAB22A8D3BB900B53876 /* Preview+ModelContainer.swift */ = {isa = PBXFileReference; lastKnownFileType = sourcecode.swift; path = "Preview+ModelContainer.swift"; sourceTree = "<group>"; };
		68BB54622A701B4B008EC4A5 /* SwiftDataAnimals.app */ = {isa = PBXFileReference; explicitFileType = wrapper.application; includeInIndex = 0; path = SwiftDataAnimals.app; sourceTree = BUILT_PRODUCTS_DIR; };
		68BB54652A701B4B008EC4A5 /* SwiftDataAnimalsApp.swift */ = {isa = PBXFileReference; lastKnownFileType = sourcecode.swift; path = SwiftDataAnimalsApp.swift; sourceTree = "<group>"; };
		68BB54692A701B4E008EC4A5 /* Assets.xcassets */ = {isa = PBXFileReference; lastKnownFileType = folder.assetcatalog; path = Assets.xcassets; sourceTree = "<group>"; };
		68BB546C2A701B4E008EC4A5 /* Preview Assets.xcassets */ = {isa = PBXFileReference; lastKnownFileType = folder.assetcatalog; path = "Preview Assets.xcassets"; sourceTree = "<group>"; };
		68BB54732A701B86008EC4A5 /* README.md */ = {isa = PBXFileReference; lastKnownFileType = net.daringfireball.markdown; path = README.md; sourceTree = "<group>"; };
		68BB54752A701C1C008EC4A5 /* NavigationContext.swift */ = {isa = PBXFileReference; fileEncoding = 4; lastKnownFileType = sourcecode.swift; path = NavigationContext.swift; sourceTree = "<group>"; };
		68BB54762A701C1C008EC4A5 /* Animal.swift */ = {isa = PBXFileReference; fileEncoding = 4; lastKnownFileType = sourcecode.swift; path = Animal.swift; sourceTree = "<group>"; };
		68BB547A2A701C22008EC4A5 /* ThreeColumnContentView.swift */ = {isa = PBXFileReference; fileEncoding = 4; lastKnownFileType = sourcecode.swift; path = ThreeColumnContentView.swift; sourceTree = "<group>"; };
		68BB547B2A701C22008EC4A5 /* AnimalDetailView.swift */ = {isa = PBXFileReference; fileEncoding = 4; lastKnownFileType = sourcecode.swift; path = AnimalDetailView.swift; sourceTree = "<group>"; };
		68BB547C2A701C22008EC4A5 /* ContentView.swift */ = {isa = PBXFileReference; fileEncoding = 4; lastKnownFileType = sourcecode.swift; path = ContentView.swift; sourceTree = "<group>"; };
		68C721252A72DFC700D129C5 /* AnimalEditor.swift */ = {isa = PBXFileReference; lastKnownFileType = sourcecode.swift; path = AnimalEditor.swift; sourceTree = "<group>"; };
		68C721292A72FE0D00D129C5 /* AnimalCategory.swift */ = {isa = PBXFileReference; lastKnownFileType = sourcecode.swift; path = AnimalCategory.swift; sourceTree = "<group>"; };
		68C7212B2A72FF8400D129C5 /* SampleData+AnimalCategory.swift */ = {isa = PBXFileReference; lastKnownFileType = sourcecode.swift; path = "SampleData+AnimalCategory.swift"; sourceTree = "<group>"; };
		68E1B4782A7072DF0066CFE9 /* AnimalCategoryListView.swift */ = {isa = PBXFileReference; lastKnownFileType = sourcecode.swift; path = AnimalCategoryListView.swift; sourceTree = "<group>"; };
		68E1B47E2A707A7E0066CFE9 /* AnimalListView.swift */ = {isa = PBXFileReference; lastKnownFileType = sourcecode.swift; path = AnimalListView.swift; sourceTree = "<group>"; };
/* End PBXFileReference section */

/* Begin PBXFrameworksBuildPhase section */
		68BB545F2A701B4B008EC4A5 /* Frameworks */ = {
			isa = PBXFrameworksBuildPhase;
			buildActionMask = 2147483647;
			files = (
			);
			runOnlyForDeploymentPostprocessing = 0;
		};
/* End PBXFrameworksBuildPhase section */

/* Begin PBXGroup section */
		395C68324716D4A0DBA4F82A /* Configuration */ = {
			isa = PBXGroup;
			children = (
				19F73108E181ABC96D86A7CC /* SampleCode.xcconfig */,
			);
			name = Configuration;
			sourceTree = "<group>";
		};
		681BB4EC2A8BC35000986639 /* SampleData */ = {
			isa = PBXGroup;
			children = (
				68C7212B2A72FF8400D129C5 /* SampleData+AnimalCategory.swift */,
				681BB4EF2A8BC8A100986639 /* SampleData+Animal.swift */,
			);
			path = SampleData;
			sourceTree = "<group>";
		};
		682FDAB42A8D3DC900B53876 /* PreviewHelper */ = {
			isa = PBXGroup;
			children = (
				682FDAAD2A8D0BDE00B53876 /* ModelContainerPreview.swift */,
				682FDAB22A8D3BB900B53876 /* Preview+ModelContainer.swift */,
			);
			path = PreviewHelper;
			sourceTree = "<group>";
		};
		68BB54592A701B4B008EC4A5 = {
			isa = PBXGroup;
			children = (
				68BB54732A701B86008EC4A5 /* README.md */,
				68BB54642A701B4B008EC4A5 /* SwiftDataAnimals */,
				68BB54632A701B4B008EC4A5 /* Products */,
				395C68324716D4A0DBA4F82A /* Configuration */,
				F9617F9877E2C83A067A0A71 /* LICENSE */,
			);
			sourceTree = "<group>";
		};
		68BB54632A701B4B008EC4A5 /* Products */ = {
			isa = PBXGroup;
			children = (
				68BB54622A701B4B008EC4A5 /* SwiftDataAnimals.app */,
			);
			name = Products;
			sourceTree = "<group>";
		};
		68BB54642A701B4B008EC4A5 /* SwiftDataAnimals */ = {
			isa = PBXGroup;
			children = (
				68BB54652A701B4B008EC4A5 /* SwiftDataAnimalsApp.swift */,
				68BB54742A701C1C008EC4A5 /* Models */,
				68BB54792A701C22008EC4A5 /* Views */,
				682FDAB42A8D3DC900B53876 /* PreviewHelper */,
				681BB4EC2A8BC35000986639 /* SampleData */,
				68BB54692A701B4E008EC4A5 /* Assets.xcassets */,
				68BB546B2A701B4E008EC4A5 /* Preview Content */,
			);
			path = SwiftDataAnimals;
			sourceTree = "<group>";
		};
		68BB546B2A701B4E008EC4A5 /* Preview Content */ = {
			isa = PBXGroup;
			children = (
				68BB546C2A701B4E008EC4A5 /* Preview Assets.xcassets */,
			);
			path = "Preview Content";
			sourceTree = "<group>";
		};
		68BB54742A701C1C008EC4A5 /* Models */ = {
			isa = PBXGroup;
			children = (
				68BB54762A701C1C008EC4A5 /* Animal.swift */,
				68C721292A72FE0D00D129C5 /* AnimalCategory.swift */,
				68BB54752A701C1C008EC4A5 /* NavigationContext.swift */,
			);
			path = Models;
			sourceTree = "<group>";
		};
		68BB54792A701C22008EC4A5 /* Views */ = {
			isa = PBXGroup;
			children = (
				68BB547C2A701C22008EC4A5 /* ContentView.swift */,
				68BB547A2A701C22008EC4A5 /* ThreeColumnContentView.swift */,
				68E1B4782A7072DF0066CFE9 /* AnimalCategoryListView.swift */,
				68E1B47E2A707A7E0066CFE9 /* AnimalListView.swift */,
				68BB547B2A701C22008EC4A5 /* AnimalDetailView.swift */,
				68C721252A72DFC700D129C5 /* AnimalEditor.swift */,
			);
			path = Views;
			sourceTree = "<group>";
		};
		F9617F9877E2C83A067A0A71 /* LICENSE */ = {
			isa = PBXGroup;
			children = (
				316121F5352DF6A915F50793 /* LICENSE.txt */,
			);
			name = LICENSE;
			path = LICENSE;
			sourceTree = "<group>";
		};
/* End PBXGroup section */

/* Begin PBXNativeTarget section */
		68BB54612A701B4B008EC4A5 /* SwiftDataAnimals */ = {
			isa = PBXNativeTarget;
			buildConfigurationList = 68BB54702A701B4E008EC4A5 /* Build configuration list for PBXNativeTarget "SwiftDataAnimals" */;
			buildPhases = (
				68BB545E2A701B4B008EC4A5 /* Sources */,
				68BB545F2A701B4B008EC4A5 /* Frameworks */,
				68BB54602A701B4B008EC4A5 /* Resources */,
			);
			buildRules = (
			);
			dependencies = (
			);
			name = SwiftDataAnimals;
			productName = SwiftDataAnimals;
			productReference = 68BB54622A701B4B008EC4A5 /* SwiftDataAnimals.app */;
			productType = "com.apple.product-type.application";
		};
/* End PBXNativeTarget section */

/* Begin PBXProject section */
		68BB545A2A701B4B008EC4A5 /* Project object */ = {
			isa = PBXProject;
			attributes = {
				BuildIndependentTargetsInParallel = 1;
				LastSwiftUpdateCheck = 1500;
				LastUpgradeCheck = 1500;
				ORGANIZATIONNAME = Apple;
				TargetAttributes = {
					68BB54612A701B4B008EC4A5 = {
						CreatedOnToolsVersion = 15.0;
					};
				};
			};
			buildConfigurationList = 68BB545D2A701B4B008EC4A5 /* Build configuration list for PBXProject "SwiftDataAnimals" */;
			compatibilityVersion = "Xcode 14.0";
			developmentRegion = en;
			hasScannedForEncodings = 0;
			knownRegions = (
				en,
				Base,
			);
			mainGroup = 68BB54592A701B4B008EC4A5;
			productRefGroup = 68BB54632A701B4B008EC4A5 /* Products */;
			projectDirPath = "";
			projectRoot = "";
			targets = (
				68BB54612A701B4B008EC4A5 /* SwiftDataAnimals */,
			);
		};
/* End PBXProject section */

/* Begin PBXResourcesBuildPhase section */
		68BB54602A701B4B008EC4A5 /* Resources */ = {
			isa = PBXResourcesBuildPhase;
			buildActionMask = 2147483647;
			files = (
				68BB546D2A701B4E008EC4A5 /* Preview Assets.xcassets in Resources */,
				68BB546A2A701B4E008EC4A5 /* Assets.xcassets in Resources */,
			);
			runOnlyForDeploymentPostprocessing = 0;
		};
/* End PBXResourcesBuildPhase section */

/* Begin PBXSourcesBuildPhase section */
		68BB545E2A701B4B008EC4A5 /* Sources */ = {
			isa = PBXSourcesBuildPhase;
			buildActionMask = 2147483647;
			files = (
				68C721262A72DFC700D129C5 /* AnimalEditor.swift in Sources */,
				681BB4F02A8BC8A100986639 /* SampleData+Animal.swift in Sources */,
				682FDAAE2A8D0BDE00B53876 /* ModelContainerPreview.swift in Sources */,
				68C7212C2A72FF8400D129C5 /* SampleData+AnimalCategory.swift in Sources */,
				68BB54662A701B4B008EC4A5 /* SwiftDataAnimalsApp.swift in Sources */,
				68C7212A2A72FE0D00D129C5 /* AnimalCategory.swift in Sources */,
				68BB547E2A701C22008EC4A5 /* ThreeColumnContentView.swift in Sources */,
				68BB54802A701C22008EC4A5 /* ContentView.swift in Sources */,
				68BB547F2A701C22008EC4A5 /* AnimalDetailView.swift in Sources */,
				68E1B47F2A707A7E0066CFE9 /* AnimalListView.swift in Sources */,
				68E1B4792A7072DF0066CFE9 /* AnimalCategoryListView.swift in Sources */,
				682FDAB32A8D3BB900B53876 /* Preview+ModelContainer.swift in Sources */,
				68BB54782A701C1C008EC4A5 /* Animal.swift in Sources */,
				68BB54772A701C1C008EC4A5 /* NavigationContext.swift in Sources */,
			);
			runOnlyForDeploymentPostprocessing = 0;
		};
/* End PBXSourcesBuildPhase section */

/* Begin XCBuildConfiguration section */
		68BB546E2A701B4E008EC4A5 /* Debug */ = {
			isa = XCBuildConfiguration;
			baseConfigurationReference = 19F73108E181ABC96D86A7CC /* SampleCode.xcconfig */;
			buildSettings = {
				ALWAYS_SEARCH_USER_PATHS = NO;
				ASSETCATALOG_COMPILER_GENERATE_SWIFT_ASSET_SYMBOL_EXTENSIONS = YES;
				CLANG_ANALYZER_NONNULL = YES;
				CLANG_ANALYZER_NUMBER_OBJECT_CONVERSION = YES_AGGRESSIVE;
				CLANG_CXX_LANGUAGE_STANDARD = "gnu++20";
				CLANG_ENABLE_MODULES = YES;
				CLANG_ENABLE_OBJC_ARC = YES;
				CLANG_ENABLE_OBJC_WEAK = YES;
				CLANG_WARN_BLOCK_CAPTURE_AUTORELEASING = YES;
				CLANG_WARN_BOOL_CONVERSION = YES;
				CLANG_WARN_COMMA = YES;
				CLANG_WARN_CONSTANT_CONVERSION = YES;
				CLANG_WARN_DEPRECATED_OBJC_IMPLEMENTATIONS = YES;
				CLANG_WARN_DIRECT_OBJC_ISA_USAGE = YES_ERROR;
				CLANG_WARN_DOCUMENTATION_COMMENTS = YES;
				CLANG_WARN_EMPTY_BODY = YES;
				CLANG_WARN_ENUM_CONVERSION = YES;
				CLANG_WARN_INFINITE_RECURSION = YES;
				CLANG_WARN_INT_CONVERSION = YES;
				CLANG_WARN_NON_LITERAL_NULL_CONVERSION = YES;
				CLANG_WARN_OBJC_IMPLICIT_RETAIN_SELF = YES;
				CLANG_WARN_OBJC_LITERAL_CONVERSION = YES;
				CLANG_WARN_OBJC_ROOT_CLASS = YES_ERROR;
				CLANG_WARN_QUOTED_INCLUDE_IN_FRAMEWORK_HEADER = YES;
				CLANG_WARN_RANGE_LOOP_ANALYSIS = YES;
				CLANG_WARN_STRICT_PROTOTYPES = YES;
				CLANG_WARN_SUSPICIOUS_MOVE = YES;
				CLANG_WARN_UNGUARDED_AVAILABILITY = YES_AGGRESSIVE;
				CLANG_WARN_UNREACHABLE_CODE = YES;
				CLANG_WARN__DUPLICATE_METHOD_MATCH = YES;
				COPY_PHASE_STRIP = NO;
				DEBUG_INFORMATION_FORMAT = dwarf;
				ENABLE_STRICT_OBJC_MSGSEND = YES;
				ENABLE_TESTABILITY = YES;
				ENABLE_USER_SCRIPT_SANDBOXING = YES;
				GCC_C_LANGUAGE_STANDARD = gnu17;
				GCC_DYNAMIC_NO_PIC = NO;
				GCC_NO_COMMON_BLOCKS = YES;
				GCC_OPTIMIZATION_LEVEL = 0;
				GCC_PREPROCESSOR_DEFINITIONS = (
					"DEBUG=1",
					"$(inherited)",
				);
				GCC_WARN_64_TO_32_BIT_CONVERSION = YES;
				GCC_WARN_ABOUT_RETURN_TYPE = YES_ERROR;
				GCC_WARN_UNDECLARED_SELECTOR = YES;
				GCC_WARN_UNINITIALIZED_AUTOS = YES_AGGRESSIVE;
				GCC_WARN_UNUSED_FUNCTION = YES;
				GCC_WARN_UNUSED_VARIABLE = YES;
				IPHONEOS_DEPLOYMENT_TARGET = 17.0;
				LOCALIZATION_PREFERS_STRING_CATALOGS = YES;
				MTL_ENABLE_DEBUG_INFO = INCLUDE_SOURCE;
				MTL_FAST_MATH = YES;
				ONLY_ACTIVE_ARCH = YES;
				SDKROOT = iphoneos;
				SWIFT_ACTIVE_COMPILATION_CONDITIONS = "DEBUG $(inherited)";
				SWIFT_OPTIMIZATION_LEVEL = "-Onone";
			};
			name = Debug;
		};
		68BB546F2A701B4E008EC4A5 /* Release */ = {
			isa = XCBuildConfiguration;
			baseConfigurationReference = 19F73108E181ABC96D86A7CC /* SampleCode.xcconfig */;
			buildSettings = {
				ALWAYS_SEARCH_USER_PATHS = NO;
				ASSETCATALOG_COMPILER_GENERATE_SWIFT_ASSET_SYMBOL_EXTENSIONS = YES;
				CLANG_ANALYZER_NONNULL = YES;
				CLANG_ANALYZER_NUMBER_OBJECT_CONVERSION = YES_AGGRESSIVE;
				CLANG_CXX_LANGUAGE_STANDARD = "gnu++20";
				CLANG_ENABLE_MODULES = YES;
				CLANG_ENABLE_OBJC_ARC = YES;
				CLANG_ENABLE_OBJC_WEAK = YES;
				CLANG_WARN_BLOCK_CAPTURE_AUTORELEASING = YES;
				CLANG_WARN_BOOL_CONVERSION = YES;
				CLANG_WARN_COMMA = YES;
				CLANG_WARN_CONSTANT_CONVERSION = YES;
				CLANG_WARN_DEPRECATED_OBJC_IMPLEMENTATIONS = YES;
				CLANG_WARN_DIRECT_OBJC_ISA_USAGE = YES_ERROR;
				CLANG_WARN_DOCUMENTATION_COMMENTS = YES;
				CLANG_WARN_EMPTY_BODY = YES;
				CLANG_WARN_ENUM_CONVERSION = YES;
				CLANG_WARN_INFINITE_RECURSION = YES;
				CLANG_WARN_INT_CONVERSION = YES;
				CLANG_WARN_NON_LITERAL_NULL_CONVERSION = YES;
				CLANG_WARN_OBJC_IMPLICIT_RETAIN_SELF = YES;
				CLANG_WARN_OBJC_LITERAL_CONVERSION = YES;
				CLANG_WARN_OBJC_ROOT_CLASS = YES_ERROR;
				CLANG_WARN_QUOTED_INCLUDE_IN_FRAMEWORK_HEADER = YES;
				CLANG_WARN_RANGE_LOOP_ANALYSIS = YES;
				CLANG_WARN_STRICT_PROTOTYPES = YES;
				CLANG_WARN_SUSPICIOUS_MOVE = YES;
				CLANG_WARN_UNGUARDED_AVAILABILITY = YES_AGGRESSIVE;
				CLANG_WARN_UNREACHABLE_CODE = YES;
				CLANG_WARN__DUPLICATE_METHOD_MATCH = YES;
				COPY_PHASE_STRIP = NO;
				DEBUG_INFORMATION_FORMAT = "dwarf-with-dsym";
				ENABLE_NS_ASSERTIONS = NO;
				ENABLE_STRICT_OBJC_MSGSEND = YES;
				ENABLE_USER_SCRIPT_SANDBOXING = YES;
				GCC_C_LANGUAGE_STANDARD = gnu17;
				GCC_NO_COMMON_BLOCKS = YES;
				GCC_WARN_64_TO_32_BIT_CONVERSION = YES;
				GCC_WARN_ABOUT_RETURN_TYPE = YES_ERROR;
				GCC_WARN_UNDECLARED_SELECTOR = YES;
				GCC_WARN_UNINITIALIZED_AUTOS = YES_AGGRESSIVE;
				GCC_WARN_UNUSED_FUNCTION = YES;
				GCC_WARN_UNUSED_VARIABLE = YES;
				IPHONEOS_DEPLOYMENT_TARGET = 17.0;
				LOCALIZATION_PREFERS_STRING_CATALOGS = YES;
				MTL_ENABLE_DEBUG_INFO = NO;
				MTL_FAST_MATH = YES;
				SDKROOT = iphoneos;
				SWIFT_COMPILATION_MODE = wholemodule;
				VALIDATE_PRODUCT = YES;
			};
			name = Release;
		};
		68BB54712A701B4E008EC4A5 /* Debug */ = {
			isa = XCBuildConfiguration;
			baseConfigurationReference = 19F73108E181ABC96D86A7CC /* SampleCode.xcconfig */;
			buildSettings = {
				ASSETCATALOG_COMPILER_APPICON_NAME = AppIcon;
				ASSETCATALOG_COMPILER_GLOBAL_ACCENT_COLOR_NAME = AccentColor;
				CODE_SIGN_STYLE = Automatic;
				CURRENT_PROJECT_VERSION = 1;
				DEVELOPMENT_ASSET_PATHS = "\"SwiftDataAnimals/Preview Content\"";
				DEVELOPMENT_TEAM = "";
				ENABLE_PREVIEWS = YES;
				ENABLE_USER_SCRIPT_SANDBOXING = NO;
				GENERATE_INFOPLIST_FILE = YES;
				INFOPLIST_KEY_UIApplicationSceneManifest_Generation = YES;
				INFOPLIST_KEY_UIApplicationSupportsIndirectInputEvents = YES;
				INFOPLIST_KEY_UILaunchScreen_Generation = YES;
				INFOPLIST_KEY_UISupportedInterfaceOrientations_iPad = "UIInterfaceOrientationPortrait UIInterfaceOrientationPortraitUpsideDown UIInterfaceOrientationLandscapeLeft UIInterfaceOrientationLandscapeRight";
				INFOPLIST_KEY_UISupportedInterfaceOrientations_iPhone = "UIInterfaceOrientationPortrait UIInterfaceOrientationLandscapeLeft UIInterfaceOrientationLandscapeRight";
				LD_RUNPATH_SEARCH_PATHS = (
					"$(inherited)",
					"@executable_path/Frameworks",
				);
				MARKETING_VERSION = 1.0;
				PRODUCT_BUNDLE_IDENTIFIER = "com.example.apple-samplecode.SwiftDataAnimals${SAMPLE_CODE_DISAMBIGUATOR}";
				PRODUCT_NAME = "$(TARGET_NAME)";
				PROVISIONING_PROFILE_SPECIFIER = "";
				SUPPORTED_PLATFORMS = "appletvos appletvsimulator iphoneos iphonesimulator macosx";
				SUPPORTS_MACCATALYST = NO;
				SUPPORTS_MAC_DESIGNED_FOR_IPHONE_IPAD = NO;
				SWIFT_EMIT_LOC_STRINGS = YES;
				SWIFT_VERSION = 5.0;
				TARGETED_DEVICE_FAMILY = "1,2,3";
			};
			name = Debug;
		};
		68BB54722A701B4E008EC4A5 /* Release */ = {
			isa = XCBuildConfiguration;
			baseConfigurationReference = 19F73108E181ABC96D86A7CC /* SampleCode.xcconfig */;
			buildSettings = {
				ASSETCATALOG_COMPILER_APPICON_NAME = AppIcon;
				ASSETCATALOG_COMPILER_GLOBAL_ACCENT_COLOR_NAME = AccentColor;
				CODE_SIGN_STYLE = Automatic;
				CURRENT_PROJECT_VERSION = 1;
				DEVELOPMENT_ASSET_PATHS = "\"SwiftDataAnimals/Preview Content\"";
				DEVELOPMENT_TEAM = "";
				ENABLE_PREVIEWS = YES;
				ENABLE_USER_SCRIPT_SANDBOXING = NO;
				GENERATE_INFOPLIST_FILE = YES;
				INFOPLIST_KEY_UIApplicationSceneManifest_Generation = YES;
				INFOPLIST_KEY_UIApplicationSupportsIndirectInputEvents = YES;
				INFOPLIST_KEY_UILaunchScreen_Generation = YES;
				INFOPLIST_KEY_UISupportedInterfaceOrientations_iPad = "UIInterfaceOrientationPortrait UIInterfaceOrientationPortraitUpsideDown UIInterfaceOrientationLandscapeLeft UIInterfaceOrientationLandscapeRight";
				INFOPLIST_KEY_UISupportedInterfaceOrientations_iPhone = "UIInterfaceOrientationPortrait UIInterfaceOrientationLandscapeLeft UIInterfaceOrientationLandscapeRight";
				LD_RUNPATH_SEARCH_PATHS = (
					"$(inherited)",
					"@executable_path/Frameworks",
				);
				MARKETING_VERSION = 1.0;
				PRODUCT_BUNDLE_IDENTIFIER = "com.example.apple-samplecode.SwiftDataAnimals${SAMPLE_CODE_DISAMBIGUATOR}";
				PRODUCT_NAME = "$(TARGET_NAME)";
				PROVISIONING_PROFILE_SPECIFIER = "";
				SUPPORTED_PLATFORMS = "appletvos appletvsimulator iphoneos iphonesimulator macosx";
				SUPPORTS_MACCATALYST = NO;
				SUPPORTS_MAC_DESIGNED_FOR_IPHONE_IPAD = NO;
				SWIFT_EMIT_LOC_STRINGS = YES;
				SWIFT_VERSION = 5.0;
				TARGETED_DEVICE_FAMILY = "1,2,3";
			};
			name = Release;
		};
/* End XCBuildConfiguration section */

/* Begin XCConfigurationList section */
		68BB545D2A701B4B008EC4A5 /* Build configuration list for PBXProject "SwiftDataAnimals" */ = {
			isa = XCConfigurationList;
			buildConfigurations = (
				68BB546E2A701B4E008EC4A5 /* Debug */,
				68BB546F2A701B4E008EC4A5 /* Release */,
			);
			defaultConfigurationIsVisible = 0;
			defaultConfigurationName = Release;
		};
		68BB54702A701B4E008EC4A5 /* Build configuration list for PBXNativeTarget "SwiftDataAnimals" */ = {
			isa = XCConfigurationList;
			buildConfigurations = (
				68BB54712A701B4E008EC4A5 /* Debug */,
				68BB54722A701B4E008EC4A5 /* Release */,
			);
			defaultConfigurationIsVisible = 0;
			defaultConfigurationName = Release;
		};
/* End XCConfigurationList section */
	};
	rootObject = 68BB545A2A701B4B008EC4A5 /* Project object */;
}
